
Microsoft Visual Studio Solution File, Format Version 12.00
# Visual Studio Version 17
VisualStudioVersion = 17.9.34511.98
MinimumVisualStudioVersion = 10.0.40219.1
Project("{FAE04EC0-301F-11D3-BF4B-00C04F79EFBC}") = "Properties", "Properties\Properties.csproj", "{17434103-66B3-487B-BC90-54A0D386731A}"
EndProject
Global
	GlobalSection(SolutionConfigurationPlatforms) = preSolution
		Debug|Any CPU = Debug|Any CPU
		Release|Any CPU = Release|Any CPU
	EndGlobalSection
	GlobalSection(ProjectConfigurationPlatforms) = postSolution
		{17434103-66B3-487B-BC90-54A0D386731A}.Debug|Any CPU.ActiveCfg = Debug|Any CPU
		{17434103-66B3-487B-BC90-54A0D386731A}.Debug|Any CPU.Build.0 = Debug|Any CPU
		{17434103-66B3-487B-BC90-54A0D386731A}.Release|Any CPU.ActiveCfg = Release|Any CPU
		{17434103-66B3-487B-BC90-54A0D386731A}.Release|Any CPU.Build.0 = Release|Any CPU
	EndGlobalSection
	GlobalSection(SolutionProperties) = preSolution
		HideSolutionNode = FALSE
	EndGlobalSection
	GlobalSection(ExtensibilityGlobals) = postSolution
		SolutionGuid = {25FB0490-0F1B-4230-9FA4-D38BC64E4055}
	EndGlobalSection
EndGlobal
